# This file is automatically @generated by Poetry 1.7.1 and should not be changed by hand.

[[package]]
name = "dbus-python"
version = "1.3.2"
description = "Python bindings for libdbus"
optional = false
python-versions = ">=3.7"
files = [
    {file = "dbus-python-1.3.2.tar.gz", hash = "sha256:ad67819308618b5069537be237f8e68ca1c7fcc95ee4a121fe6845b1418248f8"},
]

[package.extras]
doc = ["sphinx", "sphinx_rtd_theme"]
test = ["tap.py"]

[[package]]
name = "pyudev"
version = "0.24.1"
description = "A libudev binding"
optional = false
python-versions = ">=3.7"
files = [
    {file = "pyudev-0.24.1-py3-none-any.whl", hash = "sha256:da7e977be15fb5eccf8797b8e2176cd5b4f39288707cdcb39d1cabe7c8793e2b"},
    {file = "pyudev-0.24.1.tar.gz", hash = "sha256:75e54d37218f5ac45b0da1f0fd9cc5e526a3cac3ef1cfad410cf7ab338b01471"},
]

[metadata]
lock-version = "2.0"
python-versions = "^3.11"
content-hash = "171dd6984b6399389fd7649eea82f790048630d36f5b6a263d288cac900b96b4"
